
Microsoft Visual Studio Solution File, Format Version 12.00
# Visual Studio Version 17
VisualStudioVersion = 17.5.33414.496
MinimumVisualStudioVersion = 10.0.40219.1
Project("{888888A0-9F3D-457C-B088-3A5042F75D52}") = "WeatherBot1", "WeatherBot1.pyproj", "{A120B361-02FC-4527-AC61-136EF42C873C}"
EndProject
Global
	GlobalSection(SolutionConfigurationPlatforms) = preSolution
		Debug|Any CPU = Debug|Any CPU
		Release|Any CPU = Release|Any CPU
	EndGlobalSection
	GlobalSection(ProjectConfigurationPlatforms) = postSolution
		{A120B361-02FC-4527-AC61-136EF42C873C}.Debug|Any CPU.ActiveCfg = Debug|Any CPU
		{A120B361-02FC-4527-AC61-136EF42C873C}.Release|Any CPU.ActiveCfg = Release|Any CPU
	EndGlobalSection
	GlobalSection(SolutionProperties) = preSolution
		HideSolutionNode = FALSE
	EndGlobalSection
	GlobalSection(ExtensibilityGlobals) = postSolution
		SolutionGuid = {972B9DE0-0AC7-48D0-883E-1297FF04224E}
	EndGlobalSection
EndGlobal
